
Microsoft Visual Studio Solution File, Format Version 12.00
# Visual Studio Version 17
VisualStudioVersion = 17.12.35707.178
MinimumVisualStudioVersion = 10.0.40219.1
Project("{FAE04EC0-301F-11D3-BF4B-00C04F79EFBC}") = "EspDotNet", "ESPTool\EspDotNet.csproj", "{573E6BC7-AF1A-45EB-B682-685473F62437}"
EndProject
Project("{FAE04EC0-301F-11D3-BF4B-00C04F79EFBC}") = "EspTool_Multi", "EspTool_Multi\EspTool_Multi.csproj", "{0CB1073F-7E0B-4DEC-8ECF-294DD4139071}"
EndProject
Project("{FAE04EC0-301F-11D3-BF4B-00C04F79EFBC}") = "EspDotNet.Tests", "EspDotNet.Tests\EspDotNet.Tests.csproj", "{0995DF6C-45AA-4B6C-9BF4-3DCD0AC46250}"
EndProject
Global
	GlobalSection(SolutionConfigurationPlatforms) = preSolution
		Debug|Any CPU = Debug|Any CPU
		Debug|x64 = Debug|x64
		Debug|x86 = Debug|x86
		Release|Any CPU = Release|Any CPU
		Release|x64 = Release|x64
		Release|x86 = Release|x86
	EndGlobalSection
	GlobalSection(ProjectConfigurationPlatforms) = postSolution
		{573E6BC7-AF1A-45EB-B682-685473F62437}.Debug|Any CPU.ActiveCfg = Debug|Any CPU
		{573E6BC7-AF1A-45EB-B682-685473F62437}.Debug|Any CPU.Build.0 = Debug|Any CPU
		{573E6BC7-AF1A-45EB-B682-685473F62437}.Debug|x64.ActiveCfg = Debug|Any CPU
		{573E6BC7-AF1A-45EB-B682-685473F62437}.Debug|x64.Build.0 = Debug|Any CPU
		{573E6BC7-AF1A-45EB-B682-685473F62437}.Debug|x86.ActiveCfg = Debug|Any CPU
		{573E6BC7-AF1A-45EB-B682-685473F62437}.Debug|x86.Build.0 = Debug|Any CPU
		{573E6BC7-AF1A-45EB-B682-685473F62437}.Release|Any CPU.ActiveCfg = Release|Any CPU
		{573E6BC7-AF1A-45EB-B682-685473F62437}.Release|Any CPU.Build.0 = Release|Any CPU
		{573E6BC7-AF1A-45EB-B682-685473F62437}.Release|x64.ActiveCfg = Release|Any CPU
		{573E6BC7-AF1A-45EB-B682-685473F62437}.Release|x64.Build.0 = Release|Any CPU
		{573E6BC7-AF1A-45EB-B682-685473F62437}.Release|x86.ActiveCfg = Release|Any CPU
		{573E6BC7-AF1A-45EB-B682-685473F62437}.Release|x86.Build.0 = Release|Any CPU
		{0CB1073F-7E0B-4DEC-8ECF-294DD4139071}.Debug|Any CPU.ActiveCfg = Debug|Any CPU
		{0CB1073F-7E0B-4DEC-8ECF-294DD4139071}.Debug|Any CPU.Build.0 = Debug|Any CPU
		{0CB1073F-7E0B-4DEC-8ECF-294DD4139071}.Debug|x64.ActiveCfg = Debug|Any CPU
		{0CB1073F-7E0B-4DEC-8ECF-294DD4139071}.Debug|x64.Build.0 = Debug|Any CPU
		{0CB1073F-7E0B-4DEC-8ECF-294DD4139071}.Debug|x86.ActiveCfg = Debug|Any CPU
		{0CB1073F-7E0B-4DEC-8ECF-294DD4139071}.Debug|x86.Build.0 = Debug|Any CPU
		{0CB1073F-7E0B-4DEC-8ECF-294DD4139071}.Release|Any CPU.ActiveCfg = Release|Any CPU
		{0CB1073F-7E0B-4DEC-8ECF-294DD4139071}.Release|Any CPU.Build.0 = Release|Any CPU
		{0CB1073F-7E0B-4DEC-8ECF-294DD4139071}.Release|x64.ActiveCfg = Release|Any CPU
		{0CB1073F-7E0B-4DEC-8ECF-294DD4139071}.Release|x64.Build.0 = Release|Any CPU
		{0CB1073F-7E0B-4DEC-8ECF-294DD4139071}.Release|x86.ActiveCfg = Release|Any CPU
		{0CB1073F-7E0B-4DEC-8ECF-294DD4139071}.Release|x86.Build.0 = Release|Any CPU
		{0995DF6C-45AA-4B6C-9BF4-3DCD0AC46250}.Debug|Any CPU.ActiveCfg = Debug|Any CPU
		{0995DF6C-45AA-4B6C-9BF4-3DCD0AC46250}.Debug|Any CPU.Build.0 = Debug|Any CPU
		{0995DF6C-45AA-4B6C-9BF4-3DCD0AC46250}.Debug|x64.ActiveCfg = Debug|Any CPU
		{0995DF6C-45AA-4B6C-9BF4-3DCD0AC46250}.Debug|x64.Build.0 = Debug|Any CPU
		{0995DF6C-45AA-4B6C-9BF4-3DCD0AC46250}.Debug|x86.ActiveCfg = Debug|Any CPU
		{0995DF6C-45AA-4B6C-9BF4-3DCD0AC46250}.Debug|x86.Build.0 = Debug|Any CPU
		{0995DF6C-45AA-4B6C-9BF4-3DCD0AC46250}.Release|Any CPU.ActiveCfg = Release|Any CPU
		{0995DF6C-45AA-4B6C-9BF4-3DCD0AC46250}.Release|Any CPU.Build.0 = Release|Any CPU
		{0995DF6C-45AA-4B6C-9BF4-3DCD0AC46250}.Release|x64.ActiveCfg = Release|Any CPU
		{0995DF6C-45AA-4B6C-9BF4-3DCD0AC46250}.Release|x64.Build.0 = Release|Any CPU
		{0995DF6C-45AA-4B6C-9BF4-3DCD0AC46250}.Release|x86.ActiveCfg = Release|Any CPU
		{0995DF6C-45AA-4B6C-9BF4-3DCD0AC46250}.Release|x86.Build.0 = Release|Any CPU
	EndGlobalSection
	GlobalSection(SolutionProperties) = preSolution
		HideSolutionNode = FALSE
	EndGlobalSection
	GlobalSection(ExtensibilityGlobals) = postSolution
		SolutionGuid = {41E90229-CE52-4D2B-87B0-8EBF1D0A6368}
	EndGlobalSection
EndGlobal
